
Microsoft Visual Studio Solution File, Format Version 12.00
# Visual Studio Version 16
VisualStudioVersion = 16.0.28803.452
MinimumVisualStudioVersion = 10.0.40219.1
Project("{FAE04EC0-301F-11D3-BF4B-00C04F79EFBC}") = "OnceTwiceThrice", "OnceTwiceThrice\OnceTwiceThrice.csproj", "{394A1DC1-78C1-4D23-81A0-2021EB35A396}"
EndProject
Project("{FAE04EC0-301F-11D3-BF4B-00C04F79EFBC}") = "OnceTwiceThrice_Tests", "OnceTwiceThrice_Tests\OnceTwiceThrice_Tests.csproj", "{5599178E-87C7-4757-A09F-C1F87BCA2D96}"
EndProject
Global
	GlobalSection(SolutionConfigurationPlatforms) = preSolution
		Debug|Any CPU = Debug|Any CPU
		Release|Any CPU = Release|Any CPU
	EndGlobalSection
	GlobalSection(ProjectConfigurationPlatforms) = postSolution
		{394A1DC1-78C1-4D23-81A0-2021EB35A396}.Debug|Any CPU.ActiveCfg = Debug|Any CPU
		{394A1DC1-78C1-4D23-81A0-2021EB35A396}.Debug|Any CPU.Build.0 = Debug|Any CPU
		{394A1DC1-78C1-4D23-81A0-2021EB35A396}.Release|Any CPU.ActiveCfg = Release|Any CPU
		{394A1DC1-78C1-4D23-81A0-2021EB35A396}.Release|Any CPU.Build.0 = Release|Any CPU
		{5599178E-87C7-4757-A09F-C1F87BCA2D96}.Debug|Any CPU.ActiveCfg = Debug|Any CPU
		{5599178E-87C7-4757-A09F-C1F87BCA2D96}.Debug|Any CPU.Build.0 = Debug|Any CPU
		{5599178E-87C7-4757-A09F-C1F87BCA2D96}.Release|Any CPU.ActiveCfg = Release|Any CPU
		{5599178E-87C7-4757-A09F-C1F87BCA2D96}.Release|Any CPU.Build.0 = Release|Any CPU
	EndGlobalSection
	GlobalSection(SolutionProperties) = preSolution
		HideSolutionNode = FALSE
	EndGlobalSection
	GlobalSection(ExtensibilityGlobals) = postSolution
		SolutionGuid = {0C7C5BF1-B579-4A8E-9B68-8A807499E6AE}
	EndGlobalSection
EndGlobal
